
Microsoft Visual Studio Solution File, Format Version 12.00
# Visual Studio 14
VisualStudioVersion = 14.0.23107.0
MinimumVisualStudioVersion = 10.0.40219.1
Project("{FAE04EC0-301F-11D3-BF4B-00C04F79EFBC}") = "Drunkcod.Data.ServiceBroker", "Drunkcod.Data.ServiceBroker\Drunkcod.Data.ServiceBroker.csproj", "{B2D2E897-DF9B-4BB7-84A5-F70240E4F5B3}"
EndProject
Project("{FAE04EC0-301F-11D3-BF4B-00C04F79EFBC}") = "SimpleWorkQueue", "SimpleWorkQueue\SimpleWorkQueue.csproj", "{B7CF9326-DF5C-4623-81E9-26011786C32F}"
EndProject
Project("{FAE04EC0-301F-11D3-BF4B-00C04F79EFBC}") = "Drunkcod.Data.ServiceBroker.Specs", "Drunkcod.Data.ServiceBroker.Specs\Drunkcod.Data.ServiceBroker.Specs.csproj", "{DC637707-1B2B-4504-AF80-52E33A36B7E9}"
EndProject
Project("{F2A71F9B-5D33-465A-A702-920D77279786}") = "SimpleAgents", "SimpleAgents\SimpleAgents.fsproj", "{EB8692E7-1AB8-4DA7-A9F7-E28F38FF5260}"
EndProject
Global
	GlobalSection(SolutionConfigurationPlatforms) = preSolution
		Debug|Any CPU = Debug|Any CPU
		Release|Any CPU = Release|Any CPU
	EndGlobalSection
	GlobalSection(ProjectConfigurationPlatforms) = postSolution
		{B2D2E897-DF9B-4BB7-84A5-F70240E4F5B3}.Debug|Any CPU.ActiveCfg = Debug|Any CPU
		{B2D2E897-DF9B-4BB7-84A5-F70240E4F5B3}.Debug|Any CPU.Build.0 = Debug|Any CPU
		{B2D2E897-DF9B-4BB7-84A5-F70240E4F5B3}.Release|Any CPU.ActiveCfg = Release|Any CPU
		{B2D2E897-DF9B-4BB7-84A5-F70240E4F5B3}.Release|Any CPU.Build.0 = Release|Any CPU
		{B7CF9326-DF5C-4623-81E9-26011786C32F}.Debug|Any CPU.ActiveCfg = Debug|Any CPU
		{B7CF9326-DF5C-4623-81E9-26011786C32F}.Debug|Any CPU.Build.0 = Debug|Any CPU
		{B7CF9326-DF5C-4623-81E9-26011786C32F}.Release|Any CPU.ActiveCfg = Release|Any CPU
		{B7CF9326-DF5C-4623-81E9-26011786C32F}.Release|Any CPU.Build.0 = Release|Any CPU
		{DC637707-1B2B-4504-AF80-52E33A36B7E9}.Debug|Any CPU.ActiveCfg = Debug|Any CPU
		{DC637707-1B2B-4504-AF80-52E33A36B7E9}.Debug|Any CPU.Build.0 = Debug|Any CPU
		{DC637707-1B2B-4504-AF80-52E33A36B7E9}.Release|Any CPU.ActiveCfg = Release|Any CPU
		{DC637707-1B2B-4504-AF80-52E33A36B7E9}.Release|Any CPU.Build.0 = Release|Any CPU
		{EB8692E7-1AB8-4DA7-A9F7-E28F38FF5260}.Debug|Any CPU.ActiveCfg = Debug|Any CPU
		{EB8692E7-1AB8-4DA7-A9F7-E28F38FF5260}.Debug|Any CPU.Build.0 = Debug|Any CPU
		{EB8692E7-1AB8-4DA7-A9F7-E28F38FF5260}.Release|Any CPU.ActiveCfg = Release|Any CPU
		{EB8692E7-1AB8-4DA7-A9F7-E28F38FF5260}.Release|Any CPU.Build.0 = Release|Any CPU
	EndGlobalSection
	GlobalSection(SolutionProperties) = preSolution
		HideSolutionNode = FALSE
	EndGlobalSection
EndGlobal
